
Microsoft Visual Studio Solution File, Format Version 12.00
# Visual Studio Version 17
VisualStudioVersion = 17.10.35013.160
MinimumVisualStudioVersion = 10.0.40219.1
Project("{9A19103F-16F7-4668-BE54-9A1E7A4F7556}") = "BookAPI", "BookAPI\BookAPI.csproj", "{AB132AA8-3D23-4408-A6ED-A912F73FFF7A}"
EndProject
Project("{FAE04EC0-301F-11D3-BF4B-00C04F79EFBC}") = "BookAPI_Utility", "BookAPI_Utility\BookAPI_Utility.csproj", "{F4F51842-9CF7-4D7E-94B8-3370FC58A46C}"
EndProject
Project("{FAE04EC0-301F-11D3-BF4B-00C04F79EFBC}") = "BookWEB", "BookWEB\BookWEB.csproj", "{46229DD5-F94C-4267-9FDB-C65AFDE73596}"
EndProject
Global
	GlobalSection(SolutionConfigurationPlatforms) = preSolution
		Debug|Any CPU = Debug|Any CPU
		Release|Any CPU = Release|Any CPU
	EndGlobalSection
	GlobalSection(ProjectConfigurationPlatforms) = postSolution
		{AB132AA8-3D23-4408-A6ED-A912F73FFF7A}.Debug|Any CPU.ActiveCfg = Debug|Any CPU
		{AB132AA8-3D23-4408-A6ED-A912F73FFF7A}.Debug|Any CPU.Build.0 = Debug|Any CPU
		{AB132AA8-3D23-4408-A6ED-A912F73FFF7A}.Release|Any CPU.ActiveCfg = Release|Any CPU
		{AB132AA8-3D23-4408-A6ED-A912F73FFF7A}.Release|Any CPU.Build.0 = Release|Any CPU
		{F4F51842-9CF7-4D7E-94B8-3370FC58A46C}.Debug|Any CPU.ActiveCfg = Debug|Any CPU
		{F4F51842-9CF7-4D7E-94B8-3370FC58A46C}.Debug|Any CPU.Build.0 = Debug|Any CPU
		{F4F51842-9CF7-4D7E-94B8-3370FC58A46C}.Release|Any CPU.ActiveCfg = Release|Any CPU
		{F4F51842-9CF7-4D7E-94B8-3370FC58A46C}.Release|Any CPU.Build.0 = Release|Any CPU
		{46229DD5-F94C-4267-9FDB-C65AFDE73596}.Debug|Any CPU.ActiveCfg = Debug|Any CPU
		{46229DD5-F94C-4267-9FDB-C65AFDE73596}.Debug|Any CPU.Build.0 = Debug|Any CPU
		{46229DD5-F94C-4267-9FDB-C65AFDE73596}.Release|Any CPU.ActiveCfg = Release|Any CPU
		{46229DD5-F94C-4267-9FDB-C65AFDE73596}.Release|Any CPU.Build.0 = Release|Any CPU
	EndGlobalSection
	GlobalSection(SolutionProperties) = preSolution
		HideSolutionNode = FALSE
	EndGlobalSection
	GlobalSection(ExtensibilityGlobals) = postSolution
		SolutionGuid = {87F3250D-197B-4CCE-B4C3-A3F4AF85EB92}
	EndGlobalSection
EndGlobal
